// !$*UTF8*$!
{
	archiveVersion = 1;
	classes = {
	};
	objectVersion = 50;
	objects = {

/* Begin PBXBuildFile section */
		43329C5522106E210004FA1A /* AppDelegate.swift in Sources */ = {isa = PBXBuildFile; fileRef = 43329C5422106E210004FA1A /* AppDelegate.swift */; };
		43329C5722106E220004FA1A /* Assets.xcassets in Resources */ = {isa = PBXBuildFile; fileRef = 43329C5622106E220004FA1A /* Assets.xcassets */; };
		43329C5A22106E220004FA1A /* MainMenu.xib in Resources */ = {isa = PBXBuildFile; fileRef = 43329C5822106E220004FA1A /* MainMenu.xib */; };
		43329C63221071F50004FA1A /* StatusMenuController.swift in Sources */ = {isa = PBXBuildFile; fileRef = 43329C62221071F50004FA1A /* StatusMenuController.swift */; };
		43329C65221072DF0004FA1A /* BatteryAPI.swift in Sources */ = {isa = PBXBuildFile; fileRef = 43329C64221072DF0004FA1A /* BatteryAPI.swift */; };
		43329C6F22107D0D0004FA1A /* Battery.swift in Sources */ = {isa = PBXBuildFile; fileRef = 43329C6E22107D0D0004FA1A /* Battery.swift */; };
/* End PBXBuildFile section */

/* Begin PBXFileReference section */
		43329C5122106E210004FA1A /* mAh Battery.app */ = {isa = PBXFileReference; explicitFileType = wrapper.application; includeInIndex = 0; path = "mAh Battery.app"; sourceTree = BUILT_PRODUCTS_DIR; };
		43329C5422106E210004FA1A /* AppDelegate.swift */ = {isa = PBXFileReference; lastKnownFileType = sourcecode.swift; path = AppDelegate.swift; sourceTree = "<group>"; };
		43329C5622106E220004FA1A /* Assets.xcassets */ = {isa = PBXFileReference; lastKnownFileType = folder.assetcatalog; path = Assets.xcassets; sourceTree = "<group>"; };
		43329C5922106E220004FA1A /* Base */ = {isa = PBXFileReference; lastKnownFileType = file.xib; name = Base; path = Base.lproj/MainMenu.xib; sourceTree = "<group>"; };
		43329C5B22106E220004FA1A /* Info.plist */ = {isa = PBXFileReference; lastKnownFileType = text.plist.xml; path = Info.plist; sourceTree = "<group>"; };
		43329C5C22106E220004FA1A /* mAh_Battery.entitlements */ = {isa = PBXFileReference; lastKnownFileType = text.plist.entitlements; path = mAh_Battery.entitlements; sourceTree = "<group>"; };
		43329C62221071F50004FA1A /* StatusMenuController.swift */ = {isa = PBXFileReference; lastKnownFileType = sourcecode.swift; path = StatusMenuController.swift; sourceTree = "<group>"; };
		43329C64221072DF0004FA1A /* BatteryAPI.swift */ = {isa = PBXFileReference; lastKnownFileType = sourcecode.swift; path = BatteryAPI.swift; sourceTree = "<group>"; };
		43329C6E22107D0D0004FA1A /* Battery.swift */ = {isa = PBXFileReference; lastKnownFileType = sourcecode.swift; path = Battery.swift; sourceTree = "<group>"; };
/* End PBXFileReference section */

/* Begin PBXFrameworksBuildPhase section */
		43329C4E22106E210004FA1A /* Frameworks */ = {
			isa = PBXFrameworksBuildPhase;
			buildActionMask = 2147483647;
			files = (
			);
			runOnlyForDeploymentPostprocessing = 0;
		};
/* End PBXFrameworksBuildPhase section */

/* Begin PBXGroup section */
		43329C4822106E210004FA1A = {
			isa = PBXGroup;
			children = (
				43329C64221072DF0004FA1A /* BatteryAPI.swift */,
				43329C6E22107D0D0004FA1A /* Battery.swift */,
				43329C5322106E210004FA1A /* mAh Battery */,
				43329C5222106E210004FA1A /* Products */,
			);
			sourceTree = "<group>";
		};
		43329C5222106E210004FA1A /* Products */ = {
			isa = PBXGroup;
			children = (
				43329C5122106E210004FA1A /* mAh Battery.app */,
			);
			name = Products;
			sourceTree = "<group>";
		};
		43329C5322106E210004FA1A /* mAh Battery */ = {
			isa = PBXGroup;
			children = (
				43329C5422106E210004FA1A /* AppDelegate.swift */,
				43329C62221071F50004FA1A /* StatusMenuController.swift */,
				43329C5622106E220004FA1A /* Assets.xcassets */,
				43329C5822106E220004FA1A /* MainMenu.xib */,
				43329C5B22106E220004FA1A /* Info.plist */,
				43329C5C22106E220004FA1A /* mAh_Battery.entitlements */,
			);
			path = "mAh Battery";
			sourceTree = "<group>";
		};
/* End PBXGroup section */

/* Begin PBXNativeTarget section */
		43329C5022106E210004FA1A /* mAh Battery */ = {
			isa = PBXNativeTarget;
			buildConfigurationList = 43329C5F22106E220004FA1A /* Build configuration list for PBXNativeTarget "mAh Battery" */;
			buildPhases = (
				43329C4D22106E210004FA1A /* Sources */,
				43329C4E22106E210004FA1A /* Frameworks */,
				43329C4F22106E210004FA1A /* Resources */,
			);
			buildRules = (
			);
			dependencies = (
			);
			name = "mAh Battery";
			productName = "mAh Battery";
			productReference = 43329C5122106E210004FA1A /* mAh Battery.app */;
			productType = "com.apple.product-type.application";
		};
/* End PBXNativeTarget section */

/* Begin PBXProject section */
		43329C4922106E210004FA1A /* Project object */ = {
			isa = PBXProject;
			attributes = {
				LastSwiftUpdateCheck = 1010;
				LastUpgradeCheck = 1010;
				ORGANIZATIONNAME = "Radu Vasilescu";
				TargetAttributes = {
					43329C5022106E210004FA1A = {
						CreatedOnToolsVersion = 10.1;
						LastSwiftMigration = 1010;
					};
				};
			};
			buildConfigurationList = 43329C4C22106E210004FA1A /* Build configuration list for PBXProject "mAh Battery" */;
			compatibilityVersion = "Xcode 9.3";
			developmentRegion = en;
			hasScannedForEncodings = 0;
			knownRegions = (
				en,
				Base,
			);
			mainGroup = 43329C4822106E210004FA1A;
			productRefGroup = 43329C5222106E210004FA1A /* Products */;
			projectDirPath = "";
			projectRoot = "";
			targets = (
				43329C5022106E210004FA1A /* mAh Battery */,
			);
		};
/* End PBXProject section */

/* Begin PBXResourcesBuildPhase section */
		43329C4F22106E210004FA1A /* Resources */ = {
			isa = PBXResourcesBuildPhase;
			buildActionMask = 2147483647;
			files = (
				43329C5722106E220004FA1A /* Assets.xcassets in Resources */,
				43329C5A22106E220004FA1A /* MainMenu.xib in Resources */,
			);
			runOnlyForDeploymentPostprocessing = 0;
		};
/* End PBXResourcesBuildPhase section */

/* Begin PBXSourcesBuildPhase section */
		43329C4D22106E210004FA1A /* Sources */ = {
			isa = PBXSourcesBuildPhase;
			buildActionMask = 2147483647;
			files = (
				43329C63221071F50004FA1A /* StatusMenuController.swift in Sources */,
				43329C5522106E210004FA1A /* AppDelegate.swift in Sources */,
				43329C65221072DF0004FA1A /* BatteryAPI.swift in Sources */,
				43329C6F22107D0D0004FA1A /* Battery.swift in Sources */,
			);
			runOnlyForDeploymentPostprocessing = 0;
		};
/* End PBXSourcesBuildPhase section */

/* Begin PBXVariantGroup section */
		43329C5822106E220004FA1A /* MainMenu.xib */ = {
			isa = PBXVariantGroup;
			children = (
				43329C5922106E220004FA1A /* Base */,
			);
			name = MainMenu.xib;
			sourceTree = "<group>";
		};
/* End PBXVariantGroup section */

/* Begin XCBuildConfiguration section */
		43329C5D22106E220004FA1A /* Debug */ = {
			isa = XCBuildConfiguration;
			buildSettings = {
				ALWAYS_SEARCH_USER_PATHS = NO;
				CLANG_ANALYZER_NONNULL = YES;
				CLANG_ANALYZER_NUMBER_OBJECT_CONVERSION = YES_AGGRESSIVE;
				CLANG_CXX_LANGUAGE_STANDARD = "gnu++14";
				CLANG_CXX_LIBRARY = "libc++";
				CLANG_ENABLE_MODULES = YES;
				CLANG_ENABLE_OBJC_ARC = YES;
				CLANG_ENABLE_OBJC_WEAK = YES;
				CLANG_WARN_BLOCK_CAPTURE_AUTORELEASING = YES;
				CLANG_WARN_BOOL_CONVERSION = YES;
				CLANG_WARN_COMMA = YES;
				CLANG_WARN_CONSTANT_CONVERSION = YES;
				CLANG_WARN_DEPRECATED_OBJC_IMPLEMENTATIONS = YES;
				CLANG_WARN_DIRECT_OBJC_ISA_USAGE = YES_ERROR;
				CLANG_WARN_DOCUMENTATION_COMMENTS = YES;
				CLANG_WARN_EMPTY_BODY = YES;
				CLANG_WARN_ENUM_CONVERSION = YES;
				CLANG_WARN_INFINITE_RECURSION = YES;
				CLANG_WARN_INT_CONVERSION = YES;
				CLANG_WARN_NON_LITERAL_NULL_CONVERSION = YES;
				CLANG_WARN_OBJC_IMPLICIT_RETAIN_SELF = YES;
				CLANG_WARN_OBJC_LITERAL_CONVERSION = YES;
				CLANG_WARN_OBJC_ROOT_CLASS = YES_ERROR;
				CLANG_WARN_RANGE_LOOP_ANALYSIS = YES;
				CLANG_WARN_STRICT_PROTOTYPES = YES;
				CLANG_WARN_SUSPICIOUS_MOVE = YES;
				CLANG_WARN_UNGUARDED_AVAILABILITY = YES_AGGRESSIVE;
				CLANG_WARN_UNREACHABLE_CODE = YES;
				CLANG_WARN__DUPLICATE_METHOD_MATCH = YES;
				CODE_SIGN_IDENTITY = "-";
				COPY_PHASE_STRIP = NO;
				DEBUG_INFORMATION_FORMAT = dwarf;
				ENABLE_STRICT_OBJC_MSGSEND = YES;
				ENABLE_TESTABILITY = YES;
				GCC_C_LANGUAGE_STANDARD = gnu11;
				GCC_DYNAMIC_NO_PIC = NO;
				GCC_NO_COMMON_BLOCKS = YES;
				GCC_OPTIMIZATION_LEVEL = 0;
				GCC_PREPROCESSOR_DEFINITIONS = (
					"DEBUG=1",
					"$(inherited)",
				);
				GCC_WARN_64_TO_32_BIT_CONVERSION = YES;
				GCC_WARN_ABOUT_RETURN_TYPE = YES_ERROR;
				GCC_WARN_UNDECLARED_SELECTOR = YES;
				GCC_WARN_UNINITIALIZED_AUTOS = YES_AGGRESSIVE;
				GCC_WARN_UNUSED_FUNCTION = YES;
				GCC_WARN_UNUSED_VARIABLE = YES;
				MACOSX_DEPLOYMENT_TARGET = 10.14;
				MTL_ENABLE_DEBUG_INFO = INCLUDE_SOURCE;
				MTL_FAST_MATH = YES;
				ONLY_ACTIVE_ARCH = YES;
				SDKROOT = macosx;
				SWIFT_ACTIVE_COMPILATION_CONDITIONS = DEBUG;
				SWIFT_OPTIMIZATION_LEVEL = "-Onone";
			};
			name = Debug;
		};
		43329C5E22106E220004FA1A /* Release */ = {
			isa = XCBuildConfiguration;
			buildSettings = {
				ALWAYS_SEARCH_USER_PATHS = NO;
				CLANG_ANALYZER_NONNULL = YES;
				CLANG_ANALYZER_NUMBER_OBJECT_CONVERSION = YES_AGGRESSIVE;
				CLANG_CXX_LANGUAGE_STANDARD = "gnu++14";
				CLANG_CXX_LIBRARY = "libc++";
				CLANG_ENABLE_MODULES = YES;
				CLANG_ENABLE_OBJC_ARC = YES;
				CLANG_ENABLE_OBJC_WEAK = YES;
				CLANG_WARN_BLOCK_CAPTURE_AUTORELEASING = YES;
				CLANG_WARN_BOOL_CONVERSION = YES;
				CLANG_WARN_COMMA = YES;
				CLANG_WARN_CONSTANT_CONVERSION = YES;
				CLANG_WARN_DEPRECATED_OBJC_IMPLEMENTATIONS = YES;
				CLANG_WARN_DIRECT_OBJC_ISA_USAGE = YES_ERROR;
				CLANG_WARN_DOCUMENTATION_COMMENTS = YES;
				CLANG_WARN_EMPTY_BODY = YES;
				CLANG_WARN_ENUM_CONVERSION = YES;
				CLANG_WARN_INFINITE_RECURSION = YES;
				CLANG_WARN_INT_CONVERSION = YES;
				CLANG_WARN_NON_LITERAL_NULL_CONVERSION = YES;
				CLANG_WARN_OBJC_IMPLICIT_RETAIN_SELF = YES;
				CLANG_WARN_OBJC_LITERAL_CONVERSION = YES;
				CLANG_WARN_OBJC_ROOT_CLASS = YES_ERROR;
				CLANG_WARN_RANGE_LOOP_ANALYSIS = YES;
				CLANG_WARN_STRICT_PROTOTYPES = YES;
				CLANG_WARN_SUSPICIOUS_MOVE = YES;
				CLANG_WARN_UNGUARDED_AVAILABILITY = YES_AGGRESSIVE;
				CLANG_WARN_UNREACHABLE_CODE = YES;
				CLANG_WARN__DUPLICATE_METHOD_MATCH = YES;
				CODE_SIGN_IDENTITY = "-";
				COPY_PHASE_STRIP = NO;
				DEBUG_INFORMATION_FORMAT = "dwarf-with-dsym";
				ENABLE_NS_ASSERTIONS = NO;
				ENABLE_STRICT_OBJC_MSGSEND = YES;
				GCC_C_LANGUAGE_STANDARD = gnu11;
				GCC_NO_COMMON_BLOCKS = YES;
				GCC_WARN_64_TO_32_BIT_CONVERSION = YES;
				GCC_WARN_ABOUT_RETURN_TYPE = YES_ERROR;
				GCC_WARN_UNDECLARED_SELECTOR = YES;
				GCC_WARN_UNINITIALIZED_AUTOS = YES_AGGRESSIVE;
				GCC_WARN_UNUSED_FUNCTION = YES;
				GCC_WARN_UNUSED_VARIABLE = YES;
				MACOSX_DEPLOYMENT_TARGET = 10.14;
				MTL_ENABLE_DEBUG_INFO = NO;
				MTL_FAST_MATH = YES;
				SDKROOT = macosx;
				SWIFT_COMPILATION_MODE = wholemodule;
				SWIFT_OPTIMIZATION_LEVEL = "-O";
			};
			name = Release;
		};
		43329C6022106E220004FA1A /* Debug */ = {
			isa = XCBuildConfiguration;
			buildSettings = {
				ASSETCATALOG_COMPILER_APPICON_NAME = AppIcon;
				CLANG_ENABLE_MODULES = YES;
				CODE_SIGN_ENTITLEMENTS = "mAh Battery/mAh_Battery.entitlements";
				CODE_SIGN_STYLE = Automatic;
				COMBINE_HIDPI_IMAGES = YES;
				INFOPLIST_FILE = "mAh Battery/Info.plist";
				LD_RUNPATH_SEARCH_PATHS = (
					"$(inherited)",
					"@executable_path/../Frameworks",
				);
				PRODUCT_BUNDLE_IDENTIFIER = "RaduVasilescu.mAh-Battery";
				PRODUCT_NAME = "$(TARGET_NAME)";
				SWIFT_OPTIMIZATION_LEVEL = "-Onone";
				SWIFT_VERSION = 4.2;
			};
			name = Debug;
		};
		43329C6122106E220004FA1A /* Release */ = {
			isa = XCBuildConfiguration;
			buildSettings = {
				ASSETCATALOG_COMPILER_APPICON_NAME = AppIcon;
				CLANG_ENABLE_MODULES = YES;
				CODE_SIGN_ENTITLEMENTS = "mAh Battery/mAh_Battery.entitlements";
				CODE_SIGN_STYLE = Automatic;
				COMBINE_HIDPI_IMAGES = YES;
				INFOPLIST_FILE = "mAh Battery/Info.plist";
				LD_RUNPATH_SEARCH_PATHS = (
					"$(inherited)",
					"@executable_path/../Frameworks",
				);
				PRODUCT_BUNDLE_IDENTIFIER = "RaduVasilescu.mAh-Battery";
				PRODUCT_NAME = "$(TARGET_NAME)";
				SWIFT_VERSION = 4.2;
			};
			name = Release;
		};
/* End XCBuildConfiguration section */

/* Begin XCConfigurationList section */
		43329C4C22106E210004FA1A /* Build configuration list for PBXProject "mAh Battery" */ = {
			isa = XCConfigurationList;
			buildConfigurations = (
				43329C5D22106E220004FA1A /* Debug */,
				43329C5E22106E220004FA1A /* Release */,
			);
			defaultConfigurationIsVisible = 0;
			defaultConfigurationName = Release;
		};
		43329C5F22106E220004FA1A /* Build configuration list for PBXNativeTarget "mAh Battery" */ = {
			isa = XCConfigurationList;
			buildConfigurations = (
				43329C6022106E220004FA1A /* Debug */,
				43329C6122106E220004FA1A /* Release */,
			);
			defaultConfigurationIsVisible = 0;
			defaultConfigurationName = Release;
		};
/* End XCConfigurationList section */
	};
	rootObject = 43329C4922106E210004FA1A /* Project object */;
}
